
Microsoft Visual Studio Solution File, Format Version 12.00
# Visual Studio 15
VisualStudioVersion = 15.0.28010.2041
MinimumVisualStudioVersion = 10.0.40219.1
Project("{FAE04EC0-301F-11D3-BF4B-00C04F79EFBC}") = "Tupy.Extensions", "Tupy.Extensions\Tupy.Extensions.csproj", "{05AFF965-3198-4447-AB62-DD244648F42B}"
EndProject
Global
	GlobalSection(SolutionConfigurationPlatforms) = preSolution
		Debug|Any CPU = Debug|Any CPU
		Release|Any CPU = Release|Any CPU
	EndGlobalSection
	GlobalSection(ProjectConfigurationPlatforms) = postSolution
		{05AFF965-3198-4447-AB62-DD244648F42B}.Debug|Any CPU.ActiveCfg = Debug|Any CPU
		{05AFF965-3198-4447-AB62-DD244648F42B}.Debug|Any CPU.Build.0 = Debug|Any CPU
		{05AFF965-3198-4447-AB62-DD244648F42B}.Release|Any CPU.ActiveCfg = Release|Any CPU
		{05AFF965-3198-4447-AB62-DD244648F42B}.Release|Any CPU.Build.0 = Release|Any CPU
	EndGlobalSection
	GlobalSection(SolutionProperties) = preSolution
		HideSolutionNode = FALSE
	EndGlobalSection
	GlobalSection(ExtensibilityGlobals) = postSolution
		SolutionGuid = {7869B4E4-95D0-4747-8BED-6C12B5679112}
	EndGlobalSection
EndGlobal
